
Microsoft Visual Studio Solution File, Format Version 12.00
# Visual Studio Version 17
VisualStudioVersion = 17.9.34723.18
MinimumVisualStudioVersion = 10.0.40219.1
Project("{FAE04EC0-301F-11D3-BF4B-00C04F79EFBC}") = "MC.WebApi", "MC.WebApi\MC.WebApi.csproj", "{001D40BC-D66A-4C2F-A99E-92FF075719DA}"
EndProject
Project("{2150E333-8FDC-42A3-9474-1A3956D46DE8}") = "1.MC.WebApi", "1.MC.WebApi", "{7704BB75-412F-4C64-A859-D3E1ACC2112C}"
EndProject
Project("{2150E333-8FDC-42A3-9474-1A3956D46DE8}") = "2.MC.Manager", "2.MC.Manager", "{56E940EF-6DDE-4523-9162-777A0CDB242B}"
EndProject
Project("{2150E333-8FDC-42A3-9474-1A3956D46DE8}") = "3.MC.Data", "3.MC.Data", "{BB57E3EF-DEB5-4DD1-B0A8-1221F0DB25C4}"
EndProject
Project("{2150E333-8FDC-42A3-9474-1A3956D46DE8}") = "4.MC.Core", "4.MC.Core", "{6B0579F4-56CA-4CA6-97A7-14924FBADDB2}"
EndProject
Global
	GlobalSection(SolutionConfigurationPlatforms) = preSolution
		Debug|Any CPU = Debug|Any CPU
		Release|Any CPU = Release|Any CPU
	EndGlobalSection
	GlobalSection(ProjectConfigurationPlatforms) = postSolution
		{001D40BC-D66A-4C2F-A99E-92FF075719DA}.Debug|Any CPU.ActiveCfg = Debug|Any CPU
		{001D40BC-D66A-4C2F-A99E-92FF075719DA}.Debug|Any CPU.Build.0 = Debug|Any CPU
		{001D40BC-D66A-4C2F-A99E-92FF075719DA}.Release|Any CPU.ActiveCfg = Release|Any CPU
		{001D40BC-D66A-4C2F-A99E-92FF075719DA}.Release|Any CPU.Build.0 = Release|Any CPU
	EndGlobalSection
	GlobalSection(SolutionProperties) = preSolution
		HideSolutionNode = FALSE
	EndGlobalSection
	GlobalSection(NestedProjects) = preSolution
		{001D40BC-D66A-4C2F-A99E-92FF075719DA} = {7704BB75-412F-4C64-A859-D3E1ACC2112C}
	EndGlobalSection
	GlobalSection(ExtensibilityGlobals) = postSolution
		SolutionGuid = {D8F94A53-91E9-4186-8705-CCE65AAF2B36}
	EndGlobalSection
EndGlobal
